{
  "name": "gh-npm-test-importer",
  "version": "0.0.1",
  "lockfileVersion": 3,
  "requires": true,
  "packages": {
    "": {
      "name": "gh-npm-test-importer",
      "version": "0.0.1",
      "license": "ISC",
      "dependencies": {
        "test": "npm:@mauricioschneider/gh-npm-test-package@0.0.1"
      }
    },
    "node_modules/test": {
      "name": "@mauricioschneider/gh-npm-test-package",
      "version": "0.0.1",
      "resolved": "https://npm.pkg.github.com/download/@mauricioschneider/gh-npm-test-package/0.0.1/6884e31ad7ea7e2e4e381101474f3063687c7990",
      "integrity": "sha512-NNqKtr83Efo+eJeRxCooA3zDbURm4sBq+ZvoTxtdvybMN0feuFezjo8e/bYTg8Fceu+rp+5dm1vsGdXE8981CA==",
      "license": "ISC"
    }
  }
}
